
Microsoft Visual Studio Solution File, Format Version 12.00
# Visual Studio Version 17
VisualStudioVersion = 17.8.34525.116
MinimumVisualStudioVersion = 10.0.40219.1
Project("{FAE04EC0-301F-11D3-BF4B-00C04F79EFBC}") = "62413 - Project", "62413 - Project\62413 - Project.csproj", "{0BB9C9C2-C75A-4C08-A55C-88B3718A563C}"
EndProject
Global
	GlobalSection(SolutionConfigurationPlatforms) = preSolution
		Debug|Any CPU = Debug|Any CPU
		Release|Any CPU = Release|Any CPU
	EndGlobalSection
	GlobalSection(ProjectConfigurationPlatforms) = postSolution
		{0BB9C9C2-C75A-4C08-A55C-88B3718A563C}.Debug|Any CPU.ActiveCfg = Debug|Any CPU
		{0BB9C9C2-C75A-4C08-A55C-88B3718A563C}.Debug|Any CPU.Build.0 = Debug|Any CPU
		{0BB9C9C2-C75A-4C08-A55C-88B3718A563C}.Release|Any CPU.ActiveCfg = Release|Any CPU
		{0BB9C9C2-C75A-4C08-A55C-88B3718A563C}.Release|Any CPU.Build.0 = Release|Any CPU
	EndGlobalSection
	GlobalSection(SolutionProperties) = preSolution
		HideSolutionNode = FALSE
	EndGlobalSection
	GlobalSection(ExtensibilityGlobals) = postSolution
		SolutionGuid = {6AE4D3A4-371B-4CE9-A9A1-0C49D6B4D7B3}
	EndGlobalSection
EndGlobal
